// !$*UTF8*$!
{
	archiveVersion = 1;
	classes = {
	};
	objectVersion = 56;
	objects = {

/* Begin PBXBuildFile section */
		8443D8E42B86690E0077C45A /* AppDelegate.swift in Sources */ = {isa = PBXBuildFile; fileRef = 8443D8E32B86690E0077C45A /* AppDelegate.swift */; };
		8443D8E62B86690E0077C45A /* SceneDelegate.swift in Sources */ = {isa = PBXBuildFile; fileRef = 8443D8E52B86690E0077C45A /* SceneDelegate.swift */; };
		8443D8EB2B86690E0077C45A /* Main.storyboard in Resources */ = {isa = PBXBuildFile; fileRef = 8443D8E92B86690E0077C45A /* Main.storyboard */; };
		8443D8ED2B8669100077C45A /* Assets.xcassets in Resources */ = {isa = PBXBuildFile; fileRef = 8443D8EC2B8669100077C45A /* Assets.xcassets */; };
		8443D8F02B8669100077C45A /* LaunchScreen.storyboard in Resources */ = {isa = PBXBuildFile; fileRef = 8443D8EE2B8669100077C45A /* LaunchScreen.storyboard */; };
		8443D8F92B8669260077C45A /* Turbo in Frameworks */ = {isa = PBXBuildFile; productRef = 8443D8F82B8669260077C45A /* Turbo */; };
		8443D8FC2B8669480077C45A /* TurboNavigator in Frameworks */ = {isa = PBXBuildFile; productRef = 8443D8FB2B8669480077C45A /* TurboNavigator */; };
		C92113062BC73A800037E14B /* ButtonComponent.swift in Sources */ = {isa = PBXBuildFile; fileRef = C92113052BC73A800037E14B /* ButtonComponent.swift */; };
		C92113082BC73AD90037E14B /* BridgeComponent+App.swift in Sources */ = {isa = PBXBuildFile; fileRef = C92113072BC73AD90037E14B /* BridgeComponent+App.swift */; };
		C921130B2BC73B460037E14B /* WebViewController.swift in Sources */ = {isa = PBXBuildFile; fileRef = C921130A2BC73B460037E14B /* WebViewController.swift */; };
		C92113102BCB1F9B0037E14B /* configuration.json in Resources */ = {isa = PBXBuildFile; fileRef = C921130F2BCB1F9B0037E14B /* configuration.json */; };
		C941C0FD2BC7259B00BBABC3 /* Strada in Frameworks */ = {isa = PBXBuildFile; productRef = C941C0FC2BC7259B00BBABC3 /* Strada */; };
/* End PBXBuildFile section */

/* Begin PBXFileReference section */
		8443D8E02B86690E0077C45A /* Turbo8.app */ = {isa = PBXFileReference; explicitFileType = wrapper.application; includeInIndex = 0; path = Turbo8.app; sourceTree = BUILT_PRODUCTS_DIR; };
		8443D8E32B86690E0077C45A /* AppDelegate.swift */ = {isa = PBXFileReference; lastKnownFileType = sourcecode.swift; path = AppDelegate.swift; sourceTree = "<group>"; };
		8443D8E52B86690E0077C45A /* SceneDelegate.swift */ = {isa = PBXFileReference; lastKnownFileType = sourcecode.swift; path = SceneDelegate.swift; sourceTree = "<group>"; };
		8443D8EA2B86690E0077C45A /* Base */ = {isa = PBXFileReference; lastKnownFileType = file.storyboard; name = Base; path = Base.lproj/Main.storyboard; sourceTree = "<group>"; };
		8443D8EC2B8669100077C45A /* Assets.xcassets */ = {isa = PBXFileReference; lastKnownFileType = folder.assetcatalog; path = Assets.xcassets; sourceTree = "<group>"; };
		8443D8EF2B8669100077C45A /* Base */ = {isa = PBXFileReference; lastKnownFileType = file.storyboard; name = Base; path = Base.lproj/LaunchScreen.storyboard; sourceTree = "<group>"; };
		8443D8F12B8669100077C45A /* Info.plist */ = {isa = PBXFileReference; lastKnownFileType = text.plist.xml; path = Info.plist; sourceTree = "<group>"; };
		C92113052BC73A800037E14B /* ButtonComponent.swift */ = {isa = PBXFileReference; lastKnownFileType = sourcecode.swift; path = ButtonComponent.swift; sourceTree = "<group>"; };
		C92113072BC73AD90037E14B /* BridgeComponent+App.swift */ = {isa = PBXFileReference; lastKnownFileType = sourcecode.swift; path = "BridgeComponent+App.swift"; sourceTree = "<group>"; };
		C921130A2BC73B460037E14B /* WebViewController.swift */ = {isa = PBXFileReference; lastKnownFileType = sourcecode.swift; path = WebViewController.swift; sourceTree = "<group>"; };
		C921130F2BCB1F9B0037E14B /* configuration.json */ = {isa = PBXFileReference; fileEncoding = 4; lastKnownFileType = text.json; path = configuration.json; sourceTree = "<group>"; };
/* End PBXFileReference section */

/* Begin PBXFrameworksBuildPhase section */
		8443D8DD2B86690E0077C45A /* Frameworks */ = {
			isa = PBXFrameworksBuildPhase;
			buildActionMask = 2147483647;
			files = (
				8443D8F92B8669260077C45A /* Turbo in Frameworks */,
				8443D8FC2B8669480077C45A /* TurboNavigator in Frameworks */,
				C941C0FD2BC7259B00BBABC3 /* Strada in Frameworks */,
			);
			runOnlyForDeploymentPostprocessing = 0;
		};
/* End PBXFrameworksBuildPhase section */

/* Begin PBXGroup section */
		8443D8D72B86690E0077C45A = {
			isa = PBXGroup;
			children = (
				C921130F2BCB1F9B0037E14B /* configuration.json */,
				C92113092BC73B210037E14B /* Controllers */,
				C92113042BC73A6D0037E14B /* Components */,
				8443D8E22B86690E0077C45A /* Turbo8 */,
				8443D8E12B86690E0077C45A /* Products */,
			);
			sourceTree = "<group>";
		};
		8443D8E12B86690E0077C45A /* Products */ = {
			isa = PBXGroup;
			children = (
				8443D8E02B86690E0077C45A /* Turbo8.app */,
			);
			name = Products;
			sourceTree = "<group>";
		};
		8443D8E22B86690E0077C45A /* Turbo8 */ = {
			isa = PBXGroup;
			children = (
				8443D8E32B86690E0077C45A /* AppDelegate.swift */,
				8443D8E52B86690E0077C45A /* SceneDelegate.swift */,
				8443D8E92B86690E0077C45A /* Main.storyboard */,
				8443D8EC2B8669100077C45A /* Assets.xcassets */,
				8443D8EE2B8669100077C45A /* LaunchScreen.storyboard */,
				8443D8F12B8669100077C45A /* Info.plist */,
			);
			path = Turbo8;
			sourceTree = "<group>";
		};
		C92113042BC73A6D0037E14B /* Components */ = {
			isa = PBXGroup;
			children = (
				C92113052BC73A800037E14B /* ButtonComponent.swift */,
				C92113072BC73AD90037E14B /* BridgeComponent+App.swift */,
			);
			path = Components;
			sourceTree = "<group>";
		};
		C92113092BC73B210037E14B /* Controllers */ = {
			isa = PBXGroup;
			children = (
				C921130A2BC73B460037E14B /* WebViewController.swift */,
			);
			path = Controllers;
			sourceTree = "<group>";
		};
/* End PBXGroup section */

/* Begin PBXNativeTarget section */
		8443D8DF2B86690E0077C45A /* Turbo8 */ = {
			isa = PBXNativeTarget;
			buildConfigurationList = 8443D8F42B8669100077C45A /* Build configuration list for PBXNativeTarget "Turbo8" */;
			buildPhases = (
				8443D8DC2B86690E0077C45A /* Sources */,
				8443D8DD2B86690E0077C45A /* Frameworks */,
				8443D8DE2B86690E0077C45A /* Resources */,
			);
			buildRules = (
			);
			dependencies = (
			);
			name = Turbo8;
			packageProductDependencies = (
				8443D8F82B8669260077C45A /* Turbo */,
				8443D8FB2B8669480077C45A /* TurboNavigator */,
				C941C0FC2BC7259B00BBABC3 /* Strada */,
			);
			productName = Turbo8;
			productReference = 8443D8E02B86690E0077C45A /* Turbo8.app */;
			productType = "com.apple.product-type.application";
		};
/* End PBXNativeTarget section */

/* Begin PBXProject section */
		8443D8D82B86690E0077C45A /* Project object */ = {
			isa = PBXProject;
			attributes = {
				BuildIndependentTargetsInParallel = 1;
				LastSwiftUpdateCheck = 1520;
				LastUpgradeCheck = 1520;
				TargetAttributes = {
					8443D8DF2B86690E0077C45A = {
						CreatedOnToolsVersion = 15.2;
					};
				};
			};
			buildConfigurationList = 8443D8DB2B86690E0077C45A /* Build configuration list for PBXProject "Turbo8" */;
			compatibilityVersion = "Xcode 14.0";
			developmentRegion = en;
			hasScannedForEncodings = 0;
			knownRegions = (
				en,
				Base,
			);
			mainGroup = 8443D8D72B86690E0077C45A;
			packageReferences = (
				8443D8F72B8669260077C45A /* XCRemoteSwiftPackageReference "turbo-ios" */,
				8443D8FA2B8669480077C45A /* XCRemoteSwiftPackageReference "TurboNavigator" */,
				C941C0FB2BC7259B00BBABC3 /* XCRemoteSwiftPackageReference "strada-ios" */,
			);
			productRefGroup = 8443D8E12B86690E0077C45A /* Products */;
			projectDirPath = "";
			projectRoot = "";
			targets = (
				8443D8DF2B86690E0077C45A /* Turbo8 */,
			);
		};
/* End PBXProject section */

/* Begin PBXResourcesBuildPhase section */
		8443D8DE2B86690E0077C45A /* Resources */ = {
			isa = PBXResourcesBuildPhase;
			buildActionMask = 2147483647;
			files = (
				C92113102BCB1F9B0037E14B /* configuration.json in Resources */,
				8443D8F02B8669100077C45A /* LaunchScreen.storyboard in Resources */,
				8443D8ED2B8669100077C45A /* Assets.xcassets in Resources */,
				8443D8EB2B86690E0077C45A /* Main.storyboard in Resources */,
			);
			runOnlyForDeploymentPostprocessing = 0;
		};
/* End PBXResourcesBuildPhase section */

/* Begin PBXSourcesBuildPhase section */
		8443D8DC2B86690E0077C45A /* Sources */ = {
			isa = PBXSourcesBuildPhase;
			buildActionMask = 2147483647;
			files = (
				C92113082BC73AD90037E14B /* BridgeComponent+App.swift in Sources */,
				8443D8E42B86690E0077C45A /* AppDelegate.swift in Sources */,
				C92113062BC73A800037E14B /* ButtonComponent.swift in Sources */,
				C921130B2BC73B460037E14B /* WebViewController.swift in Sources */,
				8443D8E62B86690E0077C45A /* SceneDelegate.swift in Sources */,
			);
			runOnlyForDeploymentPostprocessing = 0;
		};
/* End PBXSourcesBuildPhase section */

/* Begin PBXVariantGroup section */
		8443D8E92B86690E0077C45A /* Main.storyboard */ = {
			isa = PBXVariantGroup;
			children = (
				8443D8EA2B86690E0077C45A /* Base */,
			);
			name = Main.storyboard;
			sourceTree = "<group>";
		};
		8443D8EE2B8669100077C45A /* LaunchScreen.storyboard */ = {
			isa = PBXVariantGroup;
			children = (
				8443D8EF2B8669100077C45A /* Base */,
			);
			name = LaunchScreen.storyboard;
			sourceTree = "<group>";
		};
/* End PBXVariantGroup section */

/* Begin XCBuildConfiguration section */
		8443D8F22B8669100077C45A /* Debug */ = {
			isa = XCBuildConfiguration;
			buildSettings = {
				ALWAYS_SEARCH_USER_PATHS = NO;
				ASSETCATALOG_COMPILER_GENERATE_SWIFT_ASSET_SYMBOL_EXTENSIONS = YES;
				CLANG_ANALYZER_NONNULL = YES;
				CLANG_ANALYZER_NUMBER_OBJECT_CONVERSION = YES_AGGRESSIVE;
				CLANG_CXX_LANGUAGE_STANDARD = "gnu++20";
				CLANG_ENABLE_MODULES = YES;
				CLANG_ENABLE_OBJC_ARC = YES;
				CLANG_ENABLE_OBJC_WEAK = YES;
				CLANG_WARN_BLOCK_CAPTURE_AUTORELEASING = YES;
				CLANG_WARN_BOOL_CONVERSION = YES;
				CLANG_WARN_COMMA = YES;
				CLANG_WARN_CONSTANT_CONVERSION = YES;
				CLANG_WARN_DEPRECATED_OBJC_IMPLEMENTATIONS = YES;
				CLANG_WARN_DIRECT_OBJC_ISA_USAGE = YES_ERROR;
				CLANG_WARN_DOCUMENTATION_COMMENTS = YES;
				CLANG_WARN_EMPTY_BODY = YES;
				CLANG_WARN_ENUM_CONVERSION = YES;
				CLANG_WARN_INFINITE_RECURSION = YES;
				CLANG_WARN_INT_CONVERSION = YES;
				CLANG_WARN_NON_LITERAL_NULL_CONVERSION = YES;
				CLANG_WARN_OBJC_IMPLICIT_RETAIN_SELF = YES;
				CLANG_WARN_OBJC_LITERAL_CONVERSION = YES;
				CLANG_WARN_OBJC_ROOT_CLASS = YES_ERROR;
				CLANG_WARN_QUOTED_INCLUDE_IN_FRAMEWORK_HEADER = YES;
				CLANG_WARN_RANGE_LOOP_ANALYSIS = YES;
				CLANG_WARN_STRICT_PROTOTYPES = YES;
				CLANG_WARN_SUSPICIOUS_MOVE = YES;
				CLANG_WARN_UNGUARDED_AVAILABILITY = YES_AGGRESSIVE;
				CLANG_WARN_UNREACHABLE_CODE = YES;
				CLANG_WARN__DUPLICATE_METHOD_MATCH = YES;
				COPY_PHASE_STRIP = NO;
				DEBUG_INFORMATION_FORMAT = dwarf;
				ENABLE_STRICT_OBJC_MSGSEND = YES;
				ENABLE_TESTABILITY = YES;
				ENABLE_USER_SCRIPT_SANDBOXING = YES;
				GCC_C_LANGUAGE_STANDARD = gnu17;
				GCC_DYNAMIC_NO_PIC = NO;
				GCC_NO_COMMON_BLOCKS = YES;
				GCC_OPTIMIZATION_LEVEL = 0;
				GCC_PREPROCESSOR_DEFINITIONS = (
					"DEBUG=1",
					"$(inherited)",
				);
				GCC_WARN_64_TO_32_BIT_CONVERSION = YES;
				GCC_WARN_ABOUT_RETURN_TYPE = YES_ERROR;
				GCC_WARN_UNDECLARED_SELECTOR = YES;
				GCC_WARN_UNINITIALIZED_AUTOS = YES_AGGRESSIVE;
				GCC_WARN_UNUSED_FUNCTION = YES;
				GCC_WARN_UNUSED_VARIABLE = YES;
				IPHONEOS_DEPLOYMENT_TARGET = 17.2;
				LOCALIZATION_PREFERS_STRING_CATALOGS = YES;
				MTL_ENABLE_DEBUG_INFO = INCLUDE_SOURCE;
				MTL_FAST_MATH = YES;
				ONLY_ACTIVE_ARCH = YES;
				SDKROOT = iphoneos;
				SWIFT_ACTIVE_COMPILATION_CONDITIONS = "DEBUG $(inherited)";
				SWIFT_OPTIMIZATION_LEVEL = "-Onone";
			};
			name = Debug;
		};
		8443D8F32B8669100077C45A /* Release */ = {
			isa = XCBuildConfiguration;
			buildSettings = {
				ALWAYS_SEARCH_USER_PATHS = NO;
				ASSETCATALOG_COMPILER_GENERATE_SWIFT_ASSET_SYMBOL_EXTENSIONS = YES;
				CLANG_ANALYZER_NONNULL = YES;
				CLANG_ANALYZER_NUMBER_OBJECT_CONVERSION = YES_AGGRESSIVE;
				CLANG_CXX_LANGUAGE_STANDARD = "gnu++20";
				CLANG_ENABLE_MODULES = YES;
				CLANG_ENABLE_OBJC_ARC = YES;
				CLANG_ENABLE_OBJC_WEAK = YES;
				CLANG_WARN_BLOCK_CAPTURE_AUTORELEASING = YES;
				CLANG_WARN_BOOL_CONVERSION = YES;
				CLANG_WARN_COMMA = YES;
				CLANG_WARN_CONSTANT_CONVERSION = YES;
				CLANG_WARN_DEPRECATED_OBJC_IMPLEMENTATIONS = YES;
				CLANG_WARN_DIRECT_OBJC_ISA_USAGE = YES_ERROR;
				CLANG_WARN_DOCUMENTATION_COMMENTS = YES;
				CLANG_WARN_EMPTY_BODY = YES;
				CLANG_WARN_ENUM_CONVERSION = YES;
				CLANG_WARN_INFINITE_RECURSION = YES;
				CLANG_WARN_INT_CONVERSION = YES;
				CLANG_WARN_NON_LITERAL_NULL_CONVERSION = YES;
				CLANG_WARN_OBJC_IMPLICIT_RETAIN_SELF = YES;
				CLANG_WARN_OBJC_LITERAL_CONVERSION = YES;
				CLANG_WARN_OBJC_ROOT_CLASS = YES_ERROR;
				CLANG_WARN_QUOTED_INCLUDE_IN_FRAMEWORK_HEADER = YES;
				CLANG_WARN_RANGE_LOOP_ANALYSIS = YES;
				CLANG_WARN_STRICT_PROTOTYPES = YES;
				CLANG_WARN_SUSPICIOUS_MOVE = YES;
				CLANG_WARN_UNGUARDED_AVAILABILITY = YES_AGGRESSIVE;
				CLANG_WARN_UNREACHABLE_CODE = YES;
				CLANG_WARN__DUPLICATE_METHOD_MATCH = YES;
				COPY_PHASE_STRIP = NO;
				DEBUG_INFORMATION_FORMAT = "dwarf-with-dsym";
				ENABLE_NS_ASSERTIONS = NO;
				ENABLE_STRICT_OBJC_MSGSEND = YES;
				ENABLE_USER_SCRIPT_SANDBOXING = YES;
				GCC_C_LANGUAGE_STANDARD = gnu17;
				GCC_NO_COMMON_BLOCKS = YES;
				GCC_WARN_64_TO_32_BIT_CONVERSION = YES;
				GCC_WARN_ABOUT_RETURN_TYPE = YES_ERROR;
				GCC_WARN_UNDECLARED_SELECTOR = YES;
				GCC_WARN_UNINITIALIZED_AUTOS = YES_AGGRESSIVE;
				GCC_WARN_UNUSED_FUNCTION = YES;
				GCC_WARN_UNUSED_VARIABLE = YES;
				IPHONEOS_DEPLOYMENT_TARGET = 17.2;
				LOCALIZATION_PREFERS_STRING_CATALOGS = YES;
				MTL_ENABLE_DEBUG_INFO = NO;
				MTL_FAST_MATH = YES;
				SDKROOT = iphoneos;
				SWIFT_COMPILATION_MODE = wholemodule;
				VALIDATE_PRODUCT = YES;
			};
			name = Release;
		};
		8443D8F52B8669100077C45A /* Debug */ = {
			isa = XCBuildConfiguration;
			buildSettings = {
				ASSETCATALOG_COMPILER_APPICON_NAME = AppIcon;
				ASSETCATALOG_COMPILER_GLOBAL_ACCENT_COLOR_NAME = AccentColor;
				CODE_SIGN_STYLE = Automatic;
				CURRENT_PROJECT_VERSION = 1;
				GENERATE_INFOPLIST_FILE = YES;
				INFOPLIST_FILE = Turbo8/Info.plist;
				INFOPLIST_KEY_CFBundleDisplayName = "Turbo 8";
				INFOPLIST_KEY_UIApplicationSupportsIndirectInputEvents = YES;
				INFOPLIST_KEY_UILaunchStoryboardName = LaunchScreen;
				INFOPLIST_KEY_UIMainStoryboardFile = Main;
				INFOPLIST_KEY_UISupportedInterfaceOrientations_iPad = "UIInterfaceOrientationPortrait UIInterfaceOrientationPortraitUpsideDown UIInterfaceOrientationLandscapeLeft UIInterfaceOrientationLandscapeRight";
				INFOPLIST_KEY_UISupportedInterfaceOrientations_iPhone = "UIInterfaceOrientationPortrait UIInterfaceOrientationLandscapeLeft UIInterfaceOrientationLandscapeRight";
				LD_RUNPATH_SEARCH_PATHS = (
					"$(inherited)",
					"@executable_path/Frameworks",
				);
				MARKETING_VERSION = 1.0;
				PRODUCT_BUNDLE_IDENTIFIER = com.masilotti.Turbo8;
				PRODUCT_NAME = "$(TARGET_NAME)";
				SWIFT_EMIT_LOC_STRINGS = YES;
				SWIFT_VERSION = 5.0;
				TARGETED_DEVICE_FAMILY = "1,2";
			};
			name = Debug;
		};
		8443D8F62B8669100077C45A /* Release */ = {
			isa = XCBuildConfiguration;
			buildSettings = {
				ASSETCATALOG_COMPILER_APPICON_NAME = AppIcon;
				ASSETCATALOG_COMPILER_GLOBAL_ACCENT_COLOR_NAME = AccentColor;
				CODE_SIGN_STYLE = Automatic;
				CURRENT_PROJECT_VERSION = 1;
				GENERATE_INFOPLIST_FILE = YES;
				INFOPLIST_FILE = Turbo8/Info.plist;
				INFOPLIST_KEY_CFBundleDisplayName = "Turbo 8";
				INFOPLIST_KEY_UIApplicationSupportsIndirectInputEvents = YES;
				INFOPLIST_KEY_UILaunchStoryboardName = LaunchScreen;
				INFOPLIST_KEY_UIMainStoryboardFile = Main;
				INFOPLIST_KEY_UISupportedInterfaceOrientations_iPad = "UIInterfaceOrientationPortrait UIInterfaceOrientationPortraitUpsideDown UIInterfaceOrientationLandscapeLeft UIInterfaceOrientationLandscapeRight";
				INFOPLIST_KEY_UISupportedInterfaceOrientations_iPhone = "UIInterfaceOrientationPortrait UIInterfaceOrientationLandscapeLeft UIInterfaceOrientationLandscapeRight";
				LD_RUNPATH_SEARCH_PATHS = (
					"$(inherited)",
					"@executable_path/Frameworks",
				);
				MARKETING_VERSION = 1.0;
				PRODUCT_BUNDLE_IDENTIFIER = com.masilotti.Turbo8;
				PRODUCT_NAME = "$(TARGET_NAME)";
				SWIFT_EMIT_LOC_STRINGS = YES;
				SWIFT_VERSION = 5.0;
				TARGETED_DEVICE_FAMILY = "1,2";
			};
			name = Release;
		};
/* End XCBuildConfiguration section */

/* Begin XCConfigurationList section */
		8443D8DB2B86690E0077C45A /* Build configuration list for PBXProject "Turbo8" */ = {
			isa = XCConfigurationList;
			buildConfigurations = (
				8443D8F22B8669100077C45A /* Debug */,
				8443D8F32B8669100077C45A /* Release */,
			);
			defaultConfigurationIsVisible = 0;
			defaultConfigurationName = Release;
		};
		8443D8F42B8669100077C45A /* Build configuration list for PBXNativeTarget "Turbo8" */ = {
			isa = XCConfigurationList;
			buildConfigurations = (
				8443D8F52B8669100077C45A /* Debug */,
				8443D8F62B8669100077C45A /* Release */,
			);
			defaultConfigurationIsVisible = 0;
			defaultConfigurationName = Release;
		};
/* End XCConfigurationList section */

/* Begin XCRemoteSwiftPackageReference section */
		8443D8F72B8669260077C45A /* XCRemoteSwiftPackageReference "turbo-ios" */ = {
			isa = XCRemoteSwiftPackageReference;
			repositoryURL = "https://github.com/hotwired/turbo-ios";
			requirement = {
				branch = "skip-visit-proposal";
				kind = branch;
			};
		};
		8443D8FA2B8669480077C45A /* XCRemoteSwiftPackageReference "TurboNavigator" */ = {
			isa = XCRemoteSwiftPackageReference;
			repositoryURL = "https://github.com/joemasilotti/TurboNavigator";
			requirement = {
				kind = upToNextMajorVersion;
				minimumVersion = 0.3.0;
			};
		};
		C941C0FB2BC7259B00BBABC3 /* XCRemoteSwiftPackageReference "strada-ios" */ = {
			isa = XCRemoteSwiftPackageReference;
			repositoryURL = "https://github.com/hotwired/strada-ios";
			requirement = {
				branch = main;
				kind = branch;
			};
		};
/* End XCRemoteSwiftPackageReference section */

/* Begin XCSwiftPackageProductDependency section */
		8443D8F82B8669260077C45A /* Turbo */ = {
			isa = XCSwiftPackageProductDependency;
			package = 8443D8F72B8669260077C45A /* XCRemoteSwiftPackageReference "turbo-ios" */;
			productName = Turbo;
		};
		8443D8FB2B8669480077C45A /* TurboNavigator */ = {
			isa = XCSwiftPackageProductDependency;
			package = 8443D8FA2B8669480077C45A /* XCRemoteSwiftPackageReference "TurboNavigator" */;
			productName = TurboNavigator;
		};
		C941C0FC2BC7259B00BBABC3 /* Strada */ = {
			isa = XCSwiftPackageProductDependency;
			package = C941C0FB2BC7259B00BBABC3 /* XCRemoteSwiftPackageReference "strada-ios" */;
			productName = Strada;
		};
/* End XCSwiftPackageProductDependency section */
	};
	rootObject = 8443D8D82B86690E0077C45A /* Project object */;
}
